
Microsoft Visual Studio Solution File, Format Version 12.00
# Visual Studio Version 16
VisualStudioVersion = 16.0.31019.35
MinimumVisualStudioVersion = 10.0.40219.1
Project("{FAE04EC0-301F-11D3-BF4B-00C04F79EFBC}") = "RazorPagesMovie", "RazorPagesMovie.csproj", "{3E12DCF1-2808-4ACA-BA23-8378187AAAC1}"
EndProject
Global
	GlobalSection(SolutionConfigurationPlatforms) = preSolution
		Debug|Any CPU = Debug|Any CPU
		Release|Any CPU = Release|Any CPU
	EndGlobalSection
	GlobalSection(ProjectConfigurationPlatforms) = postSolution
		{3E12DCF1-2808-4ACA-BA23-8378187AAAC1}.Debug|Any CPU.ActiveCfg = Debug|Any CPU
		{3E12DCF1-2808-4ACA-BA23-8378187AAAC1}.Debug|Any CPU.Build.0 = Debug|Any CPU
		{3E12DCF1-2808-4ACA-BA23-8378187AAAC1}.Release|Any CPU.ActiveCfg = Release|Any CPU
		{3E12DCF1-2808-4ACA-BA23-8378187AAAC1}.Release|Any CPU.Build.0 = Release|Any CPU
	EndGlobalSection
	GlobalSection(SolutionProperties) = preSolution
		HideSolutionNode = FALSE
	EndGlobalSection
	GlobalSection(ExtensibilityGlobals) = postSolution
		SolutionGuid = {C64C3C4B-15FB-4005-B9D1-C3FE7E3E842C}
	EndGlobalSection
EndGlobal
